
Microsoft Visual Studio Solution File, Format Version 12.00
# Visual Studio Version 16
VisualStudioVersion = 16.0.29418.71
MinimumVisualStudioVersion = 10.0.40219.1
Project("{FAE04EC0-301F-11D3-BF4B-00C04F79EFBC}") = "TimeSheet Application", "TimeSheet Application\TimeSheet Application.csproj", "{DB65C29A-335A-4183-B24A-03951C9D7728}"
EndProject
Global
	GlobalSection(SolutionConfigurationPlatforms) = preSolution
		Debug|Any CPU = Debug|Any CPU
		Release|Any CPU = Release|Any CPU
	EndGlobalSection
	GlobalSection(ProjectConfigurationPlatforms) = postSolution
		{DB65C29A-335A-4183-B24A-03951C9D7728}.Debug|Any CPU.ActiveCfg = Debug|Any CPU
		{DB65C29A-335A-4183-B24A-03951C9D7728}.Debug|Any CPU.Build.0 = Debug|Any CPU
		{DB65C29A-335A-4183-B24A-03951C9D7728}.Release|Any CPU.ActiveCfg = Release|Any CPU
		{DB65C29A-335A-4183-B24A-03951C9D7728}.Release|Any CPU.Build.0 = Release|Any CPU
	EndGlobalSection
	GlobalSection(SolutionProperties) = preSolution
		HideSolutionNode = FALSE
	EndGlobalSection
	GlobalSection(ExtensibilityGlobals) = postSolution
		SolutionGuid = {C50AFBB8-EE52-4E60-B5BF-C214AC209FB4}
	EndGlobalSection
EndGlobal
